// !$*UTF8*$!
{
	archiveVersion = 1;
	classes = {
	};
	objectVersion = 50;
	objects = {

/* Begin PBXBuildFile section */
		33440B24218E785A00AD6F97 /* AppDelegate.swift in Sources */ = {isa = PBXBuildFile; fileRef = 33440B23218E785A00AD6F97 /* AppDelegate.swift */; };
		33440B26218E785A00AD6F97 /* ViewController.swift in Sources */ = {isa = PBXBuildFile; fileRef = 33440B25218E785A00AD6F97 /* ViewController.swift */; };
		33440B29218E785A00AD6F97 /* Main.storyboard in Resources */ = {isa = PBXBuildFile; fileRef = 33440B27218E785A00AD6F97 /* Main.storyboard */; };
		33440B2B218E785C00AD6F97 /* Assets.xcassets in Resources */ = {isa = PBXBuildFile; fileRef = 33440B2A218E785C00AD6F97 /* Assets.xcassets */; };
		33440B2E218E785C00AD6F97 /* LaunchScreen.storyboard in Resources */ = {isa = PBXBuildFile; fileRef = 33440B2C218E785C00AD6F97 /* LaunchScreen.storyboard */; };
		33440B39218E785C00AD6F97 /* TumblerTests.swift in Sources */ = {isa = PBXBuildFile; fileRef = 33440B38218E785C00AD6F97 /* TumblerTests.swift */; };
		33440B44218E785C00AD6F97 /* TumblerUITests.swift in Sources */ = {isa = PBXBuildFile; fileRef = 33440B43218E785C00AD6F97 /* TumblerUITests.swift */; };
/* End PBXBuildFile section */

/* Begin PBXContainerItemProxy section */
		33440B35218E785C00AD6F97 /* PBXContainerItemProxy */ = {
			isa = PBXContainerItemProxy;
			containerPortal = 33440B18218E785A00AD6F97 /* Project object */;
			proxyType = 1;
			remoteGlobalIDString = 33440B1F218E785A00AD6F97;
			remoteInfo = Tumbler;
		};
		33440B40218E785C00AD6F97 /* PBXContainerItemProxy */ = {
			isa = PBXContainerItemProxy;
			containerPortal = 33440B18218E785A00AD6F97 /* Project object */;
			proxyType = 1;
			remoteGlobalIDString = 33440B1F218E785A00AD6F97;
			remoteInfo = Tumbler;
		};
/* End PBXContainerItemProxy section */

/* Begin PBXFileReference section */
		33440B20218E785A00AD6F97 /* Tumbler.app */ = {isa = PBXFileReference; explicitFileType = wrapper.application; includeInIndex = 0; path = Tumbler.app; sourceTree = BUILT_PRODUCTS_DIR; };
		33440B23218E785A00AD6F97 /* AppDelegate.swift */ = {isa = PBXFileReference; lastKnownFileType = sourcecode.swift; path = AppDelegate.swift; sourceTree = "<group>"; };
		33440B25218E785A00AD6F97 /* ViewController.swift */ = {isa = PBXFileReference; lastKnownFileType = sourcecode.swift; path = ViewController.swift; sourceTree = "<group>"; };
		33440B28218E785A00AD6F97 /* Base */ = {isa = PBXFileReference; lastKnownFileType = file.storyboard; name = Base; path = Base.lproj/Main.storyboard; sourceTree = "<group>"; };
		33440B2A218E785C00AD6F97 /* Assets.xcassets */ = {isa = PBXFileReference; lastKnownFileType = folder.assetcatalog; path = Assets.xcassets; sourceTree = "<group>"; };
		33440B2D218E785C00AD6F97 /* Base */ = {isa = PBXFileReference; lastKnownFileType = file.storyboard; name = Base; path = Base.lproj/LaunchScreen.storyboard; sourceTree = "<group>"; };
		33440B2F218E785C00AD6F97 /* Info.plist */ = {isa = PBXFileReference; lastKnownFileType = text.plist.xml; path = Info.plist; sourceTree = "<group>"; };
		33440B34218E785C00AD6F97 /* TumblerTests.xctest */ = {isa = PBXFileReference; explicitFileType = wrapper.cfbundle; includeInIndex = 0; path = TumblerTests.xctest; sourceTree = BUILT_PRODUCTS_DIR; };
		33440B38218E785C00AD6F97 /* TumblerTests.swift */ = {isa = PBXFileReference; lastKnownFileType = sourcecode.swift; path = TumblerTests.swift; sourceTree = "<group>"; };
		33440B3A218E785C00AD6F97 /* Info.plist */ = {isa = PBXFileReference; lastKnownFileType = text.plist.xml; path = Info.plist; sourceTree = "<group>"; };
		33440B3F218E785C00AD6F97 /* TumblerUITests.xctest */ = {isa = PBXFileReference; explicitFileType = wrapper.cfbundle; includeInIndex = 0; path = TumblerUITests.xctest; sourceTree = BUILT_PRODUCTS_DIR; };
		33440B43218E785C00AD6F97 /* TumblerUITests.swift */ = {isa = PBXFileReference; lastKnownFileType = sourcecode.swift; path = TumblerUITests.swift; sourceTree = "<group>"; };
		33440B45218E785C00AD6F97 /* Info.plist */ = {isa = PBXFileReference; lastKnownFileType = text.plist.xml; path = Info.plist; sourceTree = "<group>"; };
/* End PBXFileReference section */

/* Begin PBXFrameworksBuildPhase section */
		33440B1D218E785A00AD6F97 /* Frameworks */ = {
			isa = PBXFrameworksBuildPhase;
			buildActionMask = 2147483647;
			files = (
			);
			runOnlyForDeploymentPostprocessing = 0;
		};
		33440B31218E785C00AD6F97 /* Frameworks */ = {
			isa = PBXFrameworksBuildPhase;
			buildActionMask = 2147483647;
			files = (
			);
			runOnlyForDeploymentPostprocessing = 0;
		};
		33440B3C218E785C00AD6F97 /* Frameworks */ = {
			isa = PBXFrameworksBuildPhase;
			buildActionMask = 2147483647;
			files = (
			);
			runOnlyForDeploymentPostprocessing = 0;
		};
/* End PBXFrameworksBuildPhase section */

/* Begin PBXGroup section */
		33440B17218E785A00AD6F97 = {
			isa = PBXGroup;
			children = (
				33440B22218E785A00AD6F97 /* Tumbler */,
				33440B37218E785C00AD6F97 /* TumblerTests */,
				33440B42218E785C00AD6F97 /* TumblerUITests */,
				33440B21218E785A00AD6F97 /* Products */,
			);
			sourceTree = "<group>";
		};
		33440B21218E785A00AD6F97 /* Products */ = {
			isa = PBXGroup;
			children = (
				33440B20218E785A00AD6F97 /* Tumbler.app */,
				33440B34218E785C00AD6F97 /* TumblerTests.xctest */,
				33440B3F218E785C00AD6F97 /* TumblerUITests.xctest */,
			);
			name = Products;
			sourceTree = "<group>";
		};
		33440B22218E785A00AD6F97 /* Tumbler */ = {
			isa = PBXGroup;
			children = (
				33440B23218E785A00AD6F97 /* AppDelegate.swift */,
				33440B25218E785A00AD6F97 /* ViewController.swift */,
				33440B27218E785A00AD6F97 /* Main.storyboard */,
				33440B2A218E785C00AD6F97 /* Assets.xcassets */,
				33440B2C218E785C00AD6F97 /* LaunchScreen.storyboard */,
				33440B2F218E785C00AD6F97 /* Info.plist */,
			);
			path = Tumbler;
			sourceTree = "<group>";
		};
		33440B37218E785C00AD6F97 /* TumblerTests */ = {
			isa = PBXGroup;
			children = (
				33440B38218E785C00AD6F97 /* TumblerTests.swift */,
				33440B3A218E785C00AD6F97 /* Info.plist */,
			);
			path = TumblerTests;
			sourceTree = "<group>";
		};
		33440B42218E785C00AD6F97 /* TumblerUITests */ = {
			isa = PBXGroup;
			children = (
				33440B43218E785C00AD6F97 /* TumblerUITests.swift */,
				33440B45218E785C00AD6F97 /* Info.plist */,
			);
			path = TumblerUITests;
			sourceTree = "<group>";
		};
/* End PBXGroup section */

/* Begin PBXNativeTarget section */
		33440B1F218E785A00AD6F97 /* Tumbler */ = {
			isa = PBXNativeTarget;
			buildConfigurationList = 33440B48218E785C00AD6F97 /* Build configuration list for PBXNativeTarget "Tumbler" */;
			buildPhases = (
				33440B1C218E785A00AD6F97 /* Sources */,
				33440B1D218E785A00AD6F97 /* Frameworks */,
				33440B1E218E785A00AD6F97 /* Resources */,
			);
			buildRules = (
			);
			dependencies = (
			);
			name = Tumbler;
			productName = Tumbler;
			productReference = 33440B20218E785A00AD6F97 /* Tumbler.app */;
			productType = "com.apple.product-type.application";
		};
		33440B33218E785C00AD6F97 /* TumblerTests */ = {
			isa = PBXNativeTarget;
			buildConfigurationList = 33440B4B218E785C00AD6F97 /* Build configuration list for PBXNativeTarget "TumblerTests" */;
			buildPhases = (
				33440B30218E785C00AD6F97 /* Sources */,
				33440B31218E785C00AD6F97 /* Frameworks */,
				33440B32218E785C00AD6F97 /* Resources */,
			);
			buildRules = (
			);
			dependencies = (
				33440B36218E785C00AD6F97 /* PBXTargetDependency */,
			);
			name = TumblerTests;
			productName = TumblerTests;
			productReference = 33440B34218E785C00AD6F97 /* TumblerTests.xctest */;
			productType = "com.apple.product-type.bundle.unit-test";
		};
		33440B3E218E785C00AD6F97 /* TumblerUITests */ = {
			isa = PBXNativeTarget;
			buildConfigurationList = 33440B4E218E785C00AD6F97 /* Build configuration list for PBXNativeTarget "TumblerUITests" */;
			buildPhases = (
				33440B3B218E785C00AD6F97 /* Sources */,
				33440B3C218E785C00AD6F97 /* Frameworks */,
				33440B3D218E785C00AD6F97 /* Resources */,
			);
			buildRules = (
			);
			dependencies = (
				33440B41218E785C00AD6F97 /* PBXTargetDependency */,
			);
			name = TumblerUITests;
			productName = TumblerUITests;
			productReference = 33440B3F218E785C00AD6F97 /* TumblerUITests.xctest */;
			productType = "com.apple.product-type.bundle.ui-testing";
		};
/* End PBXNativeTarget section */

/* Begin PBXProject section */
		33440B18218E785A00AD6F97 /* Project object */ = {
			isa = PBXProject;
			attributes = {
				LastSwiftUpdateCheck = 1000;
				LastUpgradeCheck = 1000;
				ORGANIZATIONNAME = "Joseantonio Maciel";
				TargetAttributes = {
					33440B1F218E785A00AD6F97 = {
						CreatedOnToolsVersion = 10.0;
					};
					33440B33218E785C00AD6F97 = {
						CreatedOnToolsVersion = 10.0;
						TestTargetID = 33440B1F218E785A00AD6F97;
					};
					33440B3E218E785C00AD6F97 = {
						CreatedOnToolsVersion = 10.0;
						TestTargetID = 33440B1F218E785A00AD6F97;
					};
				};
			};
			buildConfigurationList = 33440B1B218E785A00AD6F97 /* Build configuration list for PBXProject "Tumbler" */;
			compatibilityVersion = "Xcode 9.3";
			developmentRegion = en;
			hasScannedForEncodings = 0;
			knownRegions = (
				en,
				Base,
			);
			mainGroup = 33440B17218E785A00AD6F97;
			productRefGroup = 33440B21218E785A00AD6F97 /* Products */;
			projectDirPath = "";
			projectRoot = "";
			targets = (
				33440B1F218E785A00AD6F97 /* Tumbler */,
				33440B33218E785C00AD6F97 /* TumblerTests */,
				33440B3E218E785C00AD6F97 /* TumblerUITests */,
			);
		};
/* End PBXProject section */

/* Begin PBXResourcesBuildPhase section */
		33440B1E218E785A00AD6F97 /* Resources */ = {
			isa = PBXResourcesBuildPhase;
			buildActionMask = 2147483647;
			files = (
				33440B2E218E785C00AD6F97 /* LaunchScreen.storyboard in Resources */,
				33440B2B218E785C00AD6F97 /* Assets.xcassets in Resources */,
				33440B29218E785A00AD6F97 /* Main.storyboard in Resources */,
			);
			runOnlyForDeploymentPostprocessing = 0;
		};
		33440B32218E785C00AD6F97 /* Resources */ = {
			isa = PBXResourcesBuildPhase;
			buildActionMask = 2147483647;
			files = (
			);
			runOnlyForDeploymentPostprocessing = 0;
		};
		33440B3D218E785C00AD6F97 /* Resources */ = {
			isa = PBXResourcesBuildPhase;
			buildActionMask = 2147483647;
			files = (
			);
			runOnlyForDeploymentPostprocessing = 0;
		};
/* End PBXResourcesBuildPhase section */

/* Begin PBXSourcesBuildPhase section */
		33440B1C218E785A00AD6F97 /* Sources */ = {
			isa = PBXSourcesBuildPhase;
			buildActionMask = 2147483647;
			files = (
				33440B26218E785A00AD6F97 /* ViewController.swift in Sources */,
				33440B24218E785A00AD6F97 /* AppDelegate.swift in Sources */,
			);
			runOnlyForDeploymentPostprocessing = 0;
		};
		33440B30218E785C00AD6F97 /* Sources */ = {
			isa = PBXSourcesBuildPhase;
			buildActionMask = 2147483647;
			files = (
				33440B39218E785C00AD6F97 /* TumblerTests.swift in Sources */,
			);
			runOnlyForDeploymentPostprocessing = 0;
		};
		33440B3B218E785C00AD6F97 /* Sources */ = {
			isa = PBXSourcesBuildPhase;
			buildActionMask = 2147483647;
			files = (
				33440B44218E785C00AD6F97 /* TumblerUITests.swift in Sources */,
			);
			runOnlyForDeploymentPostprocessing = 0;
		};
/* End PBXSourcesBuildPhase section */

/* Begin PBXTargetDependency section */
		33440B36218E785C00AD6F97 /* PBXTargetDependency */ = {
			isa = PBXTargetDependency;
			target = 33440B1F218E785A00AD6F97 /* Tumbler */;
			targetProxy = 33440B35218E785C00AD6F97 /* PBXContainerItemProxy */;
		};
		33440B41218E785C00AD6F97 /* PBXTargetDependency */ = {
			isa = PBXTargetDependency;
			target = 33440B1F218E785A00AD6F97 /* Tumbler */;
			targetProxy = 33440B40218E785C00AD6F97 /* PBXContainerItemProxy */;
		};
/* End PBXTargetDependency section */

/* Begin PBXVariantGroup section */
		33440B27218E785A00AD6F97 /* Main.storyboard */ = {
			isa = PBXVariantGroup;
			children = (
				33440B28218E785A00AD6F97 /* Base */,
			);
			name = Main.storyboard;
			sourceTree = "<group>";
		};
		33440B2C218E785C00AD6F97 /* LaunchScreen.storyboard */ = {
			isa = PBXVariantGroup;
			children = (
				33440B2D218E785C00AD6F97 /* Base */,
			);
			name = LaunchScreen.storyboard;
			sourceTree = "<group>";
		};
/* End PBXVariantGroup section */

/* Begin XCBuildConfiguration section */
		33440B46218E785C00AD6F97 /* Debug */ = {
			isa = XCBuildConfiguration;
			buildSettings = {
				ALWAYS_SEARCH_USER_PATHS = NO;
				CLANG_ANALYZER_NONNULL = YES;
				CLANG_ANALYZER_NUMBER_OBJECT_CONVERSION = YES_AGGRESSIVE;
				CLANG_CXX_LANGUAGE_STANDARD = "gnu++14";
				CLANG_CXX_LIBRARY = "libc++";
				CLANG_ENABLE_MODULES = YES;
				CLANG_ENABLE_OBJC_ARC = YES;
				CLANG_ENABLE_OBJC_WEAK = YES;
				CLANG_WARN_BLOCK_CAPTURE_AUTORELEASING = YES;
				CLANG_WARN_BOOL_CONVERSION = YES;
				CLANG_WARN_COMMA = YES;
				CLANG_WARN_CONSTANT_CONVERSION = YES;
				CLANG_WARN_DEPRECATED_OBJC_IMPLEMENTATIONS = YES;
				CLANG_WARN_DIRECT_OBJC_ISA_USAGE = YES_ERROR;
				CLANG_WARN_DOCUMENTATION_COMMENTS = YES;
				CLANG_WARN_EMPTY_BODY = YES;
				CLANG_WARN_ENUM_CONVERSION = YES;
				CLANG_WARN_INFINITE_RECURSION = YES;
				CLANG_WARN_INT_CONVERSION = YES;
				CLANG_WARN_NON_LITERAL_NULL_CONVERSION = YES;
				CLANG_WARN_OBJC_IMPLICIT_RETAIN_SELF = YES;
				CLANG_WARN_OBJC_LITERAL_CONVERSION = YES;
				CLANG_WARN_OBJC_ROOT_CLASS = YES_ERROR;
				CLANG_WARN_RANGE_LOOP_ANALYSIS = YES;
				CLANG_WARN_STRICT_PROTOTYPES = YES;
				CLANG_WARN_SUSPICIOUS_MOVE = YES;
				CLANG_WARN_UNGUARDED_AVAILABILITY = YES_AGGRESSIVE;
				CLANG_WARN_UNREACHABLE_CODE = YES;
				CLANG_WARN__DUPLICATE_METHOD_MATCH = YES;
				CODE_SIGN_IDENTITY = "iPhone Developer";
				COPY_PHASE_STRIP = NO;
				DEBUG_INFORMATION_FORMAT = dwarf;
				ENABLE_STRICT_OBJC_MSGSEND = YES;
				ENABLE_TESTABILITY = YES;
				GCC_C_LANGUAGE_STANDARD = gnu11;
				GCC_DYNAMIC_NO_PIC = NO;
				GCC_NO_COMMON_BLOCKS = YES;
				GCC_OPTIMIZATION_LEVEL = 0;
				GCC_PREPROCESSOR_DEFINITIONS = (
					"DEBUG=1",
					"$(inherited)",
				);
				GCC_WARN_64_TO_32_BIT_CONVERSION = YES;
				GCC_WARN_ABOUT_RETURN_TYPE = YES_ERROR;
				GCC_WARN_UNDECLARED_SELECTOR = YES;
				GCC_WARN_UNINITIALIZED_AUTOS = YES_AGGRESSIVE;
				GCC_WARN_UNUSED_FUNCTION = YES;
				GCC_WARN_UNUSED_VARIABLE = YES;
				IPHONEOS_DEPLOYMENT_TARGET = 12.0;
				MTL_ENABLE_DEBUG_INFO = INCLUDE_SOURCE;
				MTL_FAST_MATH = YES;
				ONLY_ACTIVE_ARCH = YES;
				SDKROOT = iphoneos;
				SWIFT_ACTIVE_COMPILATION_CONDITIONS = DEBUG;
				SWIFT_OPTIMIZATION_LEVEL = "-Onone";
			};
			name = Debug;
		};
		33440B47218E785C00AD6F97 /* Release */ = {
			isa = XCBuildConfiguration;
			buildSettings = {
				ALWAYS_SEARCH_USER_PATHS = NO;
				CLANG_ANALYZER_NONNULL = YES;
				CLANG_ANALYZER_NUMBER_OBJECT_CONVERSION = YES_AGGRESSIVE;
				CLANG_CXX_LANGUAGE_STANDARD = "gnu++14";
				CLANG_CXX_LIBRARY = "libc++";
				CLANG_ENABLE_MODULES = YES;
				CLANG_ENABLE_OBJC_ARC = YES;
				CLANG_ENABLE_OBJC_WEAK = YES;
				CLANG_WARN_BLOCK_CAPTURE_AUTORELEASING = YES;
				CLANG_WARN_BOOL_CONVERSION = YES;
				CLANG_WARN_COMMA = YES;
				CLANG_WARN_CONSTANT_CONVERSION = YES;
				CLANG_WARN_DEPRECATED_OBJC_IMPLEMENTATIONS = YES;
				CLANG_WARN_DIRECT_OBJC_ISA_USAGE = YES_ERROR;
				CLANG_WARN_DOCUMENTATION_COMMENTS = YES;
				CLANG_WARN_EMPTY_BODY = YES;
				CLANG_WARN_ENUM_CONVERSION = YES;
				CLANG_WARN_INFINITE_RECURSION = YES;
				CLANG_WARN_INT_CONVERSION = YES;
				CLANG_WARN_NON_LITERAL_NULL_CONVERSION = YES;
				CLANG_WARN_OBJC_IMPLICIT_RETAIN_SELF = YES;
				CLANG_WARN_OBJC_LITERAL_CONVERSION = YES;
				CLANG_WARN_OBJC_ROOT_CLASS = YES_ERROR;
				CLANG_WARN_RANGE_LOOP_ANALYSIS = YES;
				CLANG_WARN_STRICT_PROTOTYPES = YES;
				CLANG_WARN_SUSPICIOUS_MOVE = YES;
				CLANG_WARN_UNGUARDED_AVAILABILITY = YES_AGGRESSIVE;
				CLANG_WARN_UNREACHABLE_CODE = YES;
				CLANG_WARN__DUPLICATE_METHOD_MATCH = YES;
				CODE_SIGN_IDENTITY = "iPhone Developer";
				COPY_PHASE_STRIP = NO;
				DEBUG_INFORMATION_FORMAT = "dwarf-with-dsym";
				ENABLE_NS_ASSERTIONS = NO;
				ENABLE_STRICT_OBJC_MSGSEND = YES;
				GCC_C_LANGUAGE_STANDARD = gnu11;
				GCC_NO_COMMON_BLOCKS = YES;
				GCC_WARN_64_TO_32_BIT_CONVERSION = YES;
				GCC_WARN_ABOUT_RETURN_TYPE = YES_ERROR;
				GCC_WARN_UNDECLARED_SELECTOR = YES;
				GCC_WARN_UNINITIALIZED_AUTOS = YES_AGGRESSIVE;
				GCC_WARN_UNUSED_FUNCTION = YES;
				GCC_WARN_UNUSED_VARIABLE = YES;
				IPHONEOS_DEPLOYMENT_TARGET = 12.0;
				MTL_ENABLE_DEBUG_INFO = NO;
				MTL_FAST_MATH = YES;
				SDKROOT = iphoneos;
				SWIFT_COMPILATION_MODE = wholemodule;
				SWIFT_OPTIMIZATION_LEVEL = "-O";
				VALIDATE_PRODUCT = YES;
			};
			name = Release;
		};
		33440B49218E785C00AD6F97 /* Debug */ = {
			isa = XCBuildConfiguration;
			buildSettings = {
				ASSETCATALOG_COMPILER_APPICON_NAME = AppIcon;
				CODE_SIGN_STYLE = Automatic;
				INFOPLIST_FILE = Tumbler/Info.plist;
				LD_RUNPATH_SEARCH_PATHS = (
					"$(inherited)",
					"@executable_path/Frameworks",
				);
				PRODUCT_BUNDLE_IDENTIFIER = com.codepath.Tumbler;
				PRODUCT_NAME = "$(TARGET_NAME)";
				SWIFT_VERSION = 4.2;
				TARGETED_DEVICE_FAMILY = "1,2";
			};
			name = Debug;
		};
		33440B4A218E785C00AD6F97 /* Release */ = {
			isa = XCBuildConfiguration;
			buildSettings = {
				ASSETCATALOG_COMPILER_APPICON_NAME = AppIcon;
				CODE_SIGN_STYLE = Automatic;
				INFOPLIST_FILE = Tumbler/Info.plist;
				LD_RUNPATH_SEARCH_PATHS = (
					"$(inherited)",
					"@executable_path/Frameworks",
				);
				PRODUCT_BUNDLE_IDENTIFIER = com.codepath.Tumbler;
				PRODUCT_NAME = "$(TARGET_NAME)";
				SWIFT_VERSION = 4.2;
				TARGETED_DEVICE_FAMILY = "1,2";
			};
			name = Release;
		};
		33440B4C218E785C00AD6F97 /* Debug */ = {
			isa = XCBuildConfiguration;
			buildSettings = {
				ALWAYS_EMBED_SWIFT_STANDARD_LIBRARIES = YES;
				BUNDLE_LOADER = "$(TEST_HOST)";
				CODE_SIGN_STYLE = Automatic;
				INFOPLIST_FILE = TumblerTests/Info.plist;
				LD_RUNPATH_SEARCH_PATHS = (
					"$(inherited)",
					"@executable_path/Frameworks",
					"@loader_path/Frameworks",
				);
				PRODUCT_BUNDLE_IDENTIFIER = com.codepath.TumblerTests;
				PRODUCT_NAME = "$(TARGET_NAME)";
				SWIFT_VERSION = 4.2;
				TARGETED_DEVICE_FAMILY = "1,2";
				TEST_HOST = "$(BUILT_PRODUCTS_DIR)/Tumbler.app/Tumbler";
			};
			name = Debug;
		};
		33440B4D218E785C00AD6F97 /* Release */ = {
			isa = XCBuildConfiguration;
			buildSettings = {
				ALWAYS_EMBED_SWIFT_STANDARD_LIBRARIES = YES;
				BUNDLE_LOADER = "$(TEST_HOST)";
				CODE_SIGN_STYLE = Automatic;
				INFOPLIST_FILE = TumblerTests/Info.plist;
				LD_RUNPATH_SEARCH_PATHS = (
					"$(inherited)",
					"@executable_path/Frameworks",
					"@loader_path/Frameworks",
				);
				PRODUCT_BUNDLE_IDENTIFIER = com.codepath.TumblerTests;
				PRODUCT_NAME = "$(TARGET_NAME)";
				SWIFT_VERSION = 4.2;
				TARGETED_DEVICE_FAMILY = "1,2";
				TEST_HOST = "$(BUILT_PRODUCTS_DIR)/Tumbler.app/Tumbler";
			};
			name = Release;
		};
		33440B4F218E785C00AD6F97 /* Debug */ = {
			isa = XCBuildConfiguration;
			buildSettings = {
				ALWAYS_EMBED_SWIFT_STANDARD_LIBRARIES = YES;
				CODE_SIGN_STYLE = Automatic;
				INFOPLIST_FILE = TumblerUITests/Info.plist;
				LD_RUNPATH_SEARCH_PATHS = (
					"$(inherited)",
					"@executable_path/Frameworks",
					"@loader_path/Frameworks",
				);
				PRODUCT_BUNDLE_IDENTIFIER = com.codepath.TumblerUITests;
				PRODUCT_NAME = "$(TARGET_NAME)";
				SWIFT_VERSION = 4.2;
				TARGETED_DEVICE_FAMILY = "1,2";
				TEST_TARGET_NAME = Tumbler;
			};
			name = Debug;
		};
		33440B50218E785C00AD6F97 /* Release */ = {
			isa = XCBuildConfiguration;
			buildSettings = {
				ALWAYS_EMBED_SWIFT_STANDARD_LIBRARIES = YES;
				CODE_SIGN_STYLE = Automatic;
				INFOPLIST_FILE = TumblerUITests/Info.plist;
				LD_RUNPATH_SEARCH_PATHS = (
					"$(inherited)",
					"@executable_path/Frameworks",
					"@loader_path/Frameworks",
				);
				PRODUCT_BUNDLE_IDENTIFIER = com.codepath.TumblerUITests;
				PRODUCT_NAME = "$(TARGET_NAME)";
				SWIFT_VERSION = 4.2;
				TARGETED_DEVICE_FAMILY = "1,2";
				TEST_TARGET_NAME = Tumbler;
			};
			name = Release;
		};
/* End XCBuildConfiguration section */

/* Begin XCConfigurationList section */
		33440B1B218E785A00AD6F97 /* Build configuration list for PBXProject "Tumbler" */ = {
			isa = XCConfigurationList;
			buildConfigurations = (
				33440B46218E785C00AD6F97 /* Debug */,
				33440B47218E785C00AD6F97 /* Release */,
			);
			defaultConfigurationIsVisible = 0;
			defaultConfigurationName = Release;
		};
		33440B48218E785C00AD6F97 /* Build configuration list for PBXNativeTarget "Tumbler" */ = {
			isa = XCConfigurationList;
			buildConfigurations = (
				33440B49218E785C00AD6F97 /* Debug */,
				33440B4A218E785C00AD6F97 /* Release */,
			);
			defaultConfigurationIsVisible = 0;
			defaultConfigurationName = Release;
		};
		33440B4B218E785C00AD6F97 /* Build configuration list for PBXNativeTarget "TumblerTests" */ = {
			isa = XCConfigurationList;
			buildConfigurations = (
				33440B4C218E785C00AD6F97 /* Debug */,
				33440B4D218E785C00AD6F97 /* Release */,
			);
			defaultConfigurationIsVisible = 0;
			defaultConfigurationName = Release;
		};
		33440B4E218E785C00AD6F97 /* Build configuration list for PBXNativeTarget "TumblerUITests" */ = {
			isa = XCConfigurationList;
			buildConfigurations = (
				33440B4F218E785C00AD6F97 /* Debug */,
				33440B50218E785C00AD6F97 /* Release */,
			);
			defaultConfigurationIsVisible = 0;
			defaultConfigurationName = Release;
		};
/* End XCConfigurationList section */
	};
	rootObject = 33440B18218E785A00AD6F97 /* Project object */;
}
